// !$*UTF8*$!
{
	archiveVersion = 1;
	classes = {
	};
	objectVersion = 46;
	objects = {

/* Begin PBXBuildFile section */
		A4EDEA99191E172100C461EF /* Foundation.framework in Frameworks */ = {isa = PBXBuildFile; fileRef = A4EDEA98191E172100C461EF /* Foundation.framework */; };
		A4EDEA9B191E172100C461EF /* CoreGraphics.framework in Frameworks */ = {isa = PBXBuildFile; fileRef = A4EDEA9A191E172100C461EF /* CoreGraphics.framework */; };
		A4EDEA9D191E172100C461EF /* UIKit.framework in Frameworks */ = {isa = PBXBuildFile; fileRef = A4EDEA9C191E172100C461EF /* UIKit.framework */; };
		A4EDEAA3191E172100C461EF /* InfoPlist.strings in Resources */ = {isa = PBXBuildFile; fileRef = A4EDEAA1191E172100C461EF /* InfoPlist.strings */; };
		A4EDEAA5191E172100C461EF /* main.m in Sources */ = {isa = PBXBuildFile; fileRef = A4EDEAA4191E172100C461EF /* main.m */; };
		A4EDEAA9191E172100C461EF /* AppDelegate.m in Sources */ = {isa = PBXBuildFile; fileRef = A4EDEAA8191E172100C461EF /* AppDelegate.m */; };
		A4EDEAAC191E172100C461EF /* Main.storyboard in Resources */ = {isa = PBXBuildFile; fileRef = A4EDEAAA191E172100C461EF /* Main.storyboard */; };
		A4EDEAAF191E172100C461EF /* ViewController.m in Sources */ = {isa = PBXBuildFile; fileRef = A4EDEAAE191E172100C461EF /* ViewController.m */; };
		A4EDEAB1191E172100C461EF /* Images.xcassets in Resources */ = {isa = PBXBuildFile; fileRef = A4EDEAB0191E172100C461EF /* Images.xcassets */; };
		A4EDEAB8191E172100C461EF /* XCTest.framework in Frameworks */ = {isa = PBXBuildFile; fileRef = A4EDEAB7191E172100C461EF /* XCTest.framework */; };
		A4EDEAB9191E172100C461EF /* Foundation.framework in Frameworks */ = {isa = PBXBuildFile; fileRef = A4EDEA98191E172100C461EF /* Foundation.framework */; };
		A4EDEABA191E172100C461EF /* UIKit.framework in Frameworks */ = {isa = PBXBuildFile; fileRef = A4EDEA9C191E172100C461EF /* UIKit.framework */; };
		A4EDEAC2191E172100C461EF /* InfoPlist.strings in Resources */ = {isa = PBXBuildFile; fileRef = A4EDEAC0191E172100C461EF /* InfoPlist.strings */; };
		A4EDEAC4191E172100C461EF /* DecoratorTests.m in Sources */ = {isa = PBXBuildFile; fileRef = A4EDEAC3191E172100C461EF /* DecoratorTests.m */; };
/* End PBXBuildFile section */

/* Begin PBXContainerItemProxy section */
		A4EDEABB191E172100C461EF /* PBXContainerItemProxy */ = {
			isa = PBXContainerItemProxy;
			containerPortal = A4EDEA8D191E172000C461EF /* Project object */;
			proxyType = 1;
			remoteGlobalIDString = A4EDEA94191E172100C461EF;
			remoteInfo = Decorator;
		};
/* End PBXContainerItemProxy section */

/* Begin PBXFileReference section */
		A4EDEA95191E172100C461EF /* Decorator.app */ = {isa = PBXFileReference; explicitFileType = wrapper.application; includeInIndex = 0; path = Decorator.app; sourceTree = BUILT_PRODUCTS_DIR; };
		A4EDEA98191E172100C461EF /* Foundation.framework */ = {isa = PBXFileReference; lastKnownFileType = wrapper.framework; name = Foundation.framework; path = System/Library/Frameworks/Foundation.framework; sourceTree = SDKROOT; };
		A4EDEA9A191E172100C461EF /* CoreGraphics.framework */ = {isa = PBXFileReference; lastKnownFileType = wrapper.framework; name = CoreGraphics.framework; path = System/Library/Frameworks/CoreGraphics.framework; sourceTree = SDKROOT; };
		A4EDEA9C191E172100C461EF /* UIKit.framework */ = {isa = PBXFileReference; lastKnownFileType = wrapper.framework; name = UIKit.framework; path = System/Library/Frameworks/UIKit.framework; sourceTree = SDKROOT; };
		A4EDEAA0191E172100C461EF /* Decorator-Info.plist */ = {isa = PBXFileReference; lastKnownFileType = text.plist.xml; path = "Decorator-Info.plist"; sourceTree = "<group>"; };
		A4EDEAA2191E172100C461EF /* en */ = {isa = PBXFileReference; lastKnownFileType = text.plist.strings; name = en; path = en.lproj/InfoPlist.strings; sourceTree = "<group>"; };
		A4EDEAA4191E172100C461EF /* main.m */ = {isa = PBXFileReference; lastKnownFileType = sourcecode.c.objc; path = main.m; sourceTree = "<group>"; };
		A4EDEAA6191E172100C461EF /* Decorator-Prefix.pch */ = {isa = PBXFileReference; lastKnownFileType = sourcecode.c.h; path = "Decorator-Prefix.pch"; sourceTree = "<group>"; };
		A4EDEAA7191E172100C461EF /* AppDelegate.h */ = {isa = PBXFileReference; lastKnownFileType = sourcecode.c.h; path = AppDelegate.h; sourceTree = "<group>"; };
		A4EDEAA8191E172100C461EF /* AppDelegate.m */ = {isa = PBXFileReference; lastKnownFileType = sourcecode.c.objc; path = AppDelegate.m; sourceTree = "<group>"; };
		A4EDEAAB191E172100C461EF /* Base */ = {isa = PBXFileReference; lastKnownFileType = file.storyboard; name = Base; path = Base.lproj/Main.storyboard; sourceTree = "<group>"; };
		A4EDEAAD191E172100C461EF /* ViewController.h */ = {isa = PBXFileReference; lastKnownFileType = sourcecode.c.h; path = ViewController.h; sourceTree = "<group>"; };
		A4EDEAAE191E172100C461EF /* ViewController.m */ = {isa = PBXFileReference; lastKnownFileType = sourcecode.c.objc; path = ViewController.m; sourceTree = "<group>"; };
		A4EDEAB0191E172100C461EF /* Images.xcassets */ = {isa = PBXFileReference; lastKnownFileType = folder.assetcatalog; path = Images.xcassets; sourceTree = "<group>"; };
		A4EDEAB6191E172100C461EF /* DecoratorTests.xctest */ = {isa = PBXFileReference; explicitFileType = wrapper.cfbundle; includeInIndex = 0; path = DecoratorTests.xctest; sourceTree = BUILT_PRODUCTS_DIR; };
		A4EDEAB7191E172100C461EF /* XCTest.framework */ = {isa = PBXFileReference; lastKnownFileType = wrapper.framework; name = XCTest.framework; path = Library/Frameworks/XCTest.framework; sourceTree = DEVELOPER_DIR; };
		A4EDEABF191E172100C461EF /* DecoratorTests-Info.plist */ = {isa = PBXFileReference; lastKnownFileType = text.plist.xml; path = "DecoratorTests-Info.plist"; sourceTree = "<group>"; };
		A4EDEAC1191E172100C461EF /* en */ = {isa = PBXFileReference; lastKnownFileType = text.plist.strings; name = en; path = en.lproj/InfoPlist.strings; sourceTree = "<group>"; };
		A4EDEAC3191E172100C461EF /* DecoratorTests.m */ = {isa = PBXFileReference; lastKnownFileType = sourcecode.c.objc; path = DecoratorTests.m; sourceTree = "<group>"; };
/* End PBXFileReference section */

/* Begin PBXFrameworksBuildPhase section */
		A4EDEA92191E172100C461EF /* Frameworks */ = {
			isa = PBXFrameworksBuildPhase;
			buildActionMask = 2147483647;
			files = (
				A4EDEA9B191E172100C461EF /* CoreGraphics.framework in Frameworks */,
				A4EDEA9D191E172100C461EF /* UIKit.framework in Frameworks */,
				A4EDEA99191E172100C461EF /* Foundation.framework in Frameworks */,
			);
			runOnlyForDeploymentPostprocessing = 0;
		};
		A4EDEAB3191E172100C461EF /* Frameworks */ = {
			isa = PBXFrameworksBuildPhase;
			buildActionMask = 2147483647;
			files = (
				A4EDEAB8191E172100C461EF /* XCTest.framework in Frameworks */,
				A4EDEABA191E172100C461EF /* UIKit.framework in Frameworks */,
				A4EDEAB9191E172100C461EF /* Foundation.framework in Frameworks */,
			);
			runOnlyForDeploymentPostprocessing = 0;
		};
/* End PBXFrameworksBuildPhase section */

/* Begin PBXGroup section */
		A4EDEA8C191E172000C461EF = {
			isa = PBXGroup;
			children = (
				A4EDEA9E191E172100C461EF /* Decorator */,
				A4EDEABD191E172100C461EF /* DecoratorTests */,
				A4EDEA97191E172100C461EF /* Frameworks */,
				A4EDEA96191E172100C461EF /* Products */,
			);
			sourceTree = "<group>";
		};
		A4EDEA96191E172100C461EF /* Products */ = {
			isa = PBXGroup;
			children = (
				A4EDEA95191E172100C461EF /* Decorator.app */,
				A4EDEAB6191E172100C461EF /* DecoratorTests.xctest */,
			);
			name = Products;
			sourceTree = "<group>";
		};
		A4EDEA97191E172100C461EF /* Frameworks */ = {
			isa = PBXGroup;
			children = (
				A4EDEA98191E172100C461EF /* Foundation.framework */,
				A4EDEA9A191E172100C461EF /* CoreGraphics.framework */,
				A4EDEA9C191E172100C461EF /* UIKit.framework */,
				A4EDEAB7191E172100C461EF /* XCTest.framework */,
			);
			name = Frameworks;
			sourceTree = "<group>";
		};
		A4EDEA9E191E172100C461EF /* Decorator */ = {
			isa = PBXGroup;
			children = (
				A4EDEAA7191E172100C461EF /* AppDelegate.h */,
				A4EDEAA8191E172100C461EF /* AppDelegate.m */,
				A4EDEAAA191E172100C461EF /* Main.storyboard */,
				A4EDEAAD191E172100C461EF /* ViewController.h */,
				A4EDEAAE191E172100C461EF /* ViewController.m */,
				A4EDEAB0191E172100C461EF /* Images.xcassets */,
				A4EDEA9F191E172100C461EF /* Supporting Files */,
			);
			path = Decorator;
			sourceTree = "<group>";
		};
		A4EDEA9F191E172100C461EF /* Supporting Files */ = {
			isa = PBXGroup;
			children = (
				A4EDEAA0191E172100C461EF /* Decorator-Info.plist */,
				A4EDEAA1191E172100C461EF /* InfoPlist.strings */,
				A4EDEAA4191E172100C461EF /* main.m */,
				A4EDEAA6191E172100C461EF /* Decorator-Prefix.pch */,
			);
			name = "Supporting Files";
			sourceTree = "<group>";
		};
		A4EDEABD191E172100C461EF /* DecoratorTests */ = {
			isa = PBXGroup;
			children = (
				A4EDEAC3191E172100C461EF /* DecoratorTests.m */,
				A4EDEABE191E172100C461EF /* Supporting Files */,
			);
			path = DecoratorTests;
			sourceTree = "<group>";
		};
		A4EDEABE191E172100C461EF /* Supporting Files */ = {
			isa = PBXGroup;
			children = (
				A4EDEABF191E172100C461EF /* DecoratorTests-Info.plist */,
				A4EDEAC0191E172100C461EF /* InfoPlist.strings */,
			);
			name = "Supporting Files";
			sourceTree = "<group>";
		};
/* End PBXGroup section */

/* Begin PBXNativeTarget section */
		A4EDEA94191E172100C461EF /* Decorator */ = {
			isa = PBXNativeTarget;
			buildConfigurationList = A4EDEAC7191E172100C461EF /* Build configuration list for PBXNativeTarget "Decorator" */;
			buildPhases = (
				A4EDEA91191E172100C461EF /* Sources */,
				A4EDEA92191E172100C461EF /* Frameworks */,
				A4EDEA93191E172100C461EF /* Resources */,
			);
			buildRules = (
			);
			dependencies = (
			);
			name = Decorator;
			productName = Decorator;
			productReference = A4EDEA95191E172100C461EF /* Decorator.app */;
			productType = "com.apple.product-type.application";
		};
		A4EDEAB5191E172100C461EF /* DecoratorTests */ = {
			isa = PBXNativeTarget;
			buildConfigurationList = A4EDEACA191E172100C461EF /* Build configuration list for PBXNativeTarget "DecoratorTests" */;
			buildPhases = (
				A4EDEAB2191E172100C461EF /* Sources */,
				A4EDEAB3191E172100C461EF /* Frameworks */,
				A4EDEAB4191E172100C461EF /* Resources */,
			);
			buildRules = (
			);
			dependencies = (
				A4EDEABC191E172100C461EF /* PBXTargetDependency */,
			);
			name = DecoratorTests;
			productName = DecoratorTests;
			productReference = A4EDEAB6191E172100C461EF /* DecoratorTests.xctest */;
			productType = "com.apple.product-type.bundle.unit-test";
		};
/* End PBXNativeTarget section */

/* Begin PBXProject section */
		A4EDEA8D191E172000C461EF /* Project object */ = {
			isa = PBXProject;
			attributes = {
				LastUpgradeCheck = 0510;
				ORGANIZATIONNAME = "杨萧玉";
				TargetAttributes = {
					A4EDEAB5191E172100C461EF = {
						TestTargetID = A4EDEA94191E172100C461EF;
					};
				};
			};
			buildConfigurationList = A4EDEA90191E172000C461EF /* Build configuration list for PBXProject "Decorator" */;
			compatibilityVersion = "Xcode 3.2";
			developmentRegion = English;
			hasScannedForEncodings = 0;
			knownRegions = (
				en,
				Base,
			);
			mainGroup = A4EDEA8C191E172000C461EF;
			productRefGroup = A4EDEA96191E172100C461EF /* Products */;
			projectDirPath = "";
			projectRoot = "";
			targets = (
				A4EDEA94191E172100C461EF /* Decorator */,
				A4EDEAB5191E172100C461EF /* DecoratorTests */,
			);
		};
/* End PBXProject section */

/* Begin PBXResourcesBuildPhase section */
		A4EDEA93191E172100C461EF /* Resources */ = {
			isa = PBXResourcesBuildPhase;
			buildActionMask = 2147483647;
			files = (
				A4EDEAB1191E172100C461EF /* Images.xcassets in Resources */,
				A4EDEAA3191E172100C461EF /* InfoPlist.strings in Resources */,
				A4EDEAAC191E172100C461EF /* Main.storyboard in Resources */,
			);
			runOnlyForDeploymentPostprocessing = 0;
		};
		A4EDEAB4191E172100C461EF /* Resources */ = {
			isa = PBXResourcesBuildPhase;
			buildActionMask = 2147483647;
			files = (
				A4EDEAC2191E172100C461EF /* InfoPlist.strings in Resources */,
			);
			runOnlyForDeploymentPostprocessing = 0;
		};
/* End PBXResourcesBuildPhase section */

/* Begin PBXSourcesBuildPhase section */
		A4EDEA91191E172100C461EF /* Sources */ = {
			isa = PBXSourcesBuildPhase;
			buildActionMask = 2147483647;
			files = (
				A4EDEAAF191E172100C461EF /* ViewController.m in Sources */,
				A4EDEAA9191E172100C461EF /* AppDelegate.m in Sources */,
				A4EDEAA5191E172100C461EF /* main.m in Sources */,
			);
			runOnlyForDeploymentPostprocessing = 0;
		};
		A4EDEAB2191E172100C461EF /* Sources */ = {
			isa = PBXSourcesBuildPhase;
			buildActionMask = 2147483647;
			files = (
				A4EDEAC4191E172100C461EF /* DecoratorTests.m in Sources */,
			);
			runOnlyForDeploymentPostprocessing = 0;
		};
/* End PBXSourcesBuildPhase section */

/* Begin PBXTargetDependency section */
		A4EDEABC191E172100C461EF /* PBXTargetDependency */ = {
			isa = PBXTargetDependency;
			target = A4EDEA94191E172100C461EF /* Decorator */;
			targetProxy = A4EDEABB191E172100C461EF /* PBXContainerItemProxy */;
		};
/* End PBXTargetDependency section */

/* Begin PBXVariantGroup section */
		A4EDEAA1191E172100C461EF /* InfoPlist.strings */ = {
			isa = PBXVariantGroup;
			children = (
				A4EDEAA2191E172100C461EF /* en */,
			);
			name = InfoPlist.strings;
			sourceTree = "<group>";
		};
		A4EDEAAA191E172100C461EF /* Main.storyboard */ = {
			isa = PBXVariantGroup;
			children = (
				A4EDEAAB191E172100C461EF /* Base */,
			);
			name = Main.storyboard;
			sourceTree = "<group>";
		};
		A4EDEAC0191E172100C461EF /* InfoPlist.strings */ = {
			isa = PBXVariantGroup;
			children = (
				A4EDEAC1191E172100C461EF /* en */,
			);
			name = InfoPlist.strings;
			sourceTree = "<group>";
		};
/* End PBXVariantGroup section */

/* Begin XCBuildConfiguration section */
		A4EDEAC5191E172100C461EF /* Debug */ = {
			isa = XCBuildConfiguration;
			buildSettings = {
				ALWAYS_SEARCH_USER_PATHS = NO;
				CLANG_CXX_LANGUAGE_STANDARD = "gnu++0x";
				CLANG_CXX_LIBRARY = "libc++";
				CLANG_ENABLE_MODULES = YES;
				CLANG_ENABLE_OBJC_ARC = YES;
				CLANG_WARN_BOOL_CONVERSION = YES;
				CLANG_WARN_CONSTANT_CONVERSION = YES;
				CLANG_WARN_DIRECT_OBJC_ISA_USAGE = YES_ERROR;
				CLANG_WARN_EMPTY_BODY = YES;
				CLANG_WARN_ENUM_CONVERSION = YES;
				CLANG_WARN_INT_CONVERSION = YES;
				CLANG_WARN_OBJC_ROOT_CLASS = YES_ERROR;
				CLANG_WARN__DUPLICATE_METHOD_MATCH = YES;
				"CODE_SIGN_IDENTITY[sdk=iphoneos*]" = "iPhone Developer";
				COPY_PHASE_STRIP = NO;
				GCC_C_LANGUAGE_STANDARD = gnu99;
				GCC_DYNAMIC_NO_PIC = NO;
				GCC_OPTIMIZATION_LEVEL = 0;
				GCC_PREPROCESSOR_DEFINITIONS = (
					"DEBUG=1",
					"$(inherited)",
				);
				GCC_SYMBOLS_PRIVATE_EXTERN = NO;
				GCC_WARN_64_TO_32_BIT_CONVERSION = YES;
				GCC_WARN_ABOUT_RETURN_TYPE = YES_ERROR;
				GCC_WARN_UNDECLARED_SELECTOR = YES;
				GCC_WARN_UNINITIALIZED_AUTOS = YES_AGGRESSIVE;
				GCC_WARN_UNUSED_FUNCTION = YES;
				GCC_WARN_UNUSED_VARIABLE = YES;
				IPHONEOS_DEPLOYMENT_TARGET = 7.1;
				ONLY_ACTIVE_ARCH = YES;
				SDKROOT = iphoneos;
			};
			name = Debug;
		};
		A4EDEAC6191E172100C461EF /* Release */ = {
			isa = XCBuildConfiguration;
			buildSettings = {
				ALWAYS_SEARCH_USER_PATHS = NO;
				CLANG_CXX_LANGUAGE_STANDARD = "gnu++0x";
				CLANG_CXX_LIBRARY = "libc++";
				CLANG_ENABLE_MODULES = YES;
				CLANG_ENABLE_OBJC_ARC = YES;
				CLANG_WARN_BOOL_CONVERSION = YES;
				CLANG_WARN_CONSTANT_CONVERSION = YES;
				CLANG_WARN_DIRECT_OBJC_ISA_USAGE = YES_ERROR;
				CLANG_WARN_EMPTY_BODY = YES;
				CLANG_WARN_ENUM_CONVERSION = YES;
				CLANG_WARN_INT_CONVERSION = YES;
				CLANG_WARN_OBJC_ROOT_CLASS = YES_ERROR;
				CLANG_WARN__DUPLICATE_METHOD_MATCH = YES;
				"CODE_SIGN_IDENTITY[sdk=iphoneos*]" = "iPhone Developer";
				COPY_PHASE_STRIP = YES;
				ENABLE_NS_ASSERTIONS = NO;
				GCC_C_LANGUAGE_STANDARD = gnu99;
				GCC_WARN_64_TO_32_BIT_CONVERSION = YES;
				GCC_WARN_ABOUT_RETURN_TYPE = YES_ERROR;
				GCC_WARN_UNDECLARED_SELECTOR = YES;
				GCC_WARN_UNINITIALIZED_AUTOS = YES_AGGRESSIVE;
				GCC_WARN_UNUSED_FUNCTION = YES;
				GCC_WARN_UNUSED_VARIABLE = YES;
				IPHONEOS_DEPLOYMENT_TARGET = 7.1;
				SDKROOT = iphoneos;
				VALIDATE_PRODUCT = YES;
			};
			name = Release;
		};
		A4EDEAC8191E172100C461EF /* Debug */ = {
			isa = XCBuildConfiguration;
			buildSettings = {
				ASSETCATALOG_COMPILER_APPICON_NAME = AppIcon;
				ASSETCATALOG_COMPILER_LAUNCHIMAGE_NAME = LaunchImage;
				GCC_PRECOMPILE_PREFIX_HEADER = YES;
				GCC_PREFIX_HEADER = "Decorator/Decorator-Prefix.pch";
				INFOPLIST_FILE = "Decorator/Decorator-Info.plist";
				PRODUCT_NAME = "$(TARGET_NAME)";
				WRAPPER_EXTENSION = app;
			};
			name = Debug;
		};
		A4EDEAC9191E172100C461EF /* Release */ = {
			isa = XCBuildConfiguration;
			buildSettings = {
				ASSETCATALOG_COMPILER_APPICON_NAME = AppIcon;
				ASSETCATALOG_COMPILER_LAUNCHIMAGE_NAME = LaunchImage;
				GCC_PRECOMPILE_PREFIX_HEADER = YES;
				GCC_PREFIX_HEADER = "Decorator/Decorator-Prefix.pch";
				INFOPLIST_FILE = "Decorator/Decorator-Info.plist";
				PRODUCT_NAME = "$(TARGET_NAME)";
				WRAPPER_EXTENSION = app;
			};
			name = Release;
		};
		A4EDEACB191E172100C461EF /* Debug */ = {
			isa = XCBuildConfiguration;
			buildSettings = {
				BUNDLE_LOADER = "$(BUILT_PRODUCTS_DIR)/Decorator.app/Decorator";
				FRAMEWORK_SEARCH_PATHS = (
					"$(SDKROOT)/Developer/Library/Frameworks",
					"$(inherited)",
					"$(DEVELOPER_FRAMEWORKS_DIR)",
				);
				GCC_PRECOMPILE_PREFIX_HEADER = YES;
				GCC_PREFIX_HEADER = "Decorator/Decorator-Prefix.pch";
				GCC_PREPROCESSOR_DEFINITIONS = (
					"DEBUG=1",
					"$(inherited)",
				);
				INFOPLIST_FILE = "DecoratorTests/DecoratorTests-Info.plist";
				PRODUCT_NAME = "$(TARGET_NAME)";
				TEST_HOST = "$(BUNDLE_LOADER)";
				WRAPPER_EXTENSION = xctest;
			};
			name = Debug;
		};
		A4EDEACC191E172100C461EF /* Release */ = {
			isa = XCBuildConfiguration;
			buildSettings = {
				BUNDLE_LOADER = "$(BUILT_PRODUCTS_DIR)/Decorator.app/Decorator";
				FRAMEWORK_SEARCH_PATHS = (
					"$(SDKROOT)/Developer/Library/Frameworks",
					"$(inherited)",
					"$(DEVELOPER_FRAMEWORKS_DIR)",
				);
				GCC_PRECOMPILE_PREFIX_HEADER = YES;
				GCC_PREFIX_HEADER = "Decorator/Decorator-Prefix.pch";
				INFOPLIST_FILE = "DecoratorTests/DecoratorTests-Info.plist";
				PRODUCT_NAME = "$(TARGET_NAME)";
				TEST_HOST = "$(BUNDLE_LOADER)";
				WRAPPER_EXTENSION = xctest;
			};
			name = Release;
		};
/* End XCBuildConfiguration section */

/* Begin XCConfigurationList section */
		A4EDEA90191E172000C461EF /* Build configuration list for PBXProject "Decorator" */ = {
			isa = XCConfigurationList;
			buildConfigurations = (
				A4EDEAC5191E172100C461EF /* Debug */,
				A4EDEAC6191E172100C461EF /* Release */,
			);
			defaultConfigurationIsVisible = 0;
			defaultConfigurationName = Release;
		};
		A4EDEAC7191E172100C461EF /* Build configuration list for PBXNativeTarget "Decorator" */ = {
			isa = XCConfigurationList;
			buildConfigurations = (
				A4EDEAC8191E172100C461EF /* Debug */,
				A4EDEAC9191E172100C461EF /* Release */,
			);
			defaultConfigurationIsVisible = 0;
		};
		A4EDEACA191E172100C461EF /* Build configuration list for PBXNativeTarget "DecoratorTests" */ = {
			isa = XCConfigurationList;
			buildConfigurations = (
				A4EDEACB191E172100C461EF /* Debug */,
				A4EDEACC191E172100C461EF /* Release */,
			);
			defaultConfigurationIsVisible = 0;
		};
/* End XCConfigurationList section */
	};
	rootObject = A4EDEA8D191E172000C461EF /* Project object */;
}
